// !$*UTF8*$!
{
	archiveVersion = 1;
	classes = {
	};
	objectVersion = 51;
	objects = {

/* Begin PBXBuildFile section */
		640854B8913C7116DD938E8D /* Pods_Demo.framework in Frameworks */ = {isa = PBXBuildFile; fileRef = 8FC5C6BA7BF8788270794A59 /* Pods_Demo.framework */; };
		FA0ADA6E24F9803B0070CDBF /* AppDelegate.swift in Sources */ = {isa = PBXBuildFile; fileRef = FA0ADA6D24F9803B0070CDBF /* AppDelegate.swift */; };
		FA0ADA7524F9803B0070CDBF /* Main.storyboard in Resources */ = {isa = PBXBuildFile; fileRef = FA0ADA7324F9803B0070CDBF /* Main.storyboard */; };
		FA0ADA7724F9803B0070CDBF /* Assets.xcassets in Resources */ = {isa = PBXBuildFile; fileRef = FA0ADA7624F9803B0070CDBF /* Assets.xcassets */; };
		FA0ADA7A24F9803B0070CDBF /* LaunchScreen.storyboard in Resources */ = {isa = PBXBuildFile; fileRef = FA0ADA7824F9803B0070CDBF /* LaunchScreen.storyboard */; };
		FA0ADA8224F982EF0070CDBF /* TabBarController.swift in Sources */ = {isa = PBXBuildFile; fileRef = FA0ADA8124F982EF0070CDBF /* TabBarController.swift */; };
		FA0ADA8624F9833A0070CDBF /* HomeViewController.swift in Sources */ = {isa = PBXBuildFile; fileRef = FA0ADA8524F9833A0070CDBF /* HomeViewController.swift */; };
		FA0ADA8824F9834C0070CDBF /* ProfileViewController.swift in Sources */ = {isa = PBXBuildFile; fileRef = FA0ADA8724F9834C0070CDBF /* ProfileViewController.swift */; };
		FA0ADA8D24F9983C0070CDBF /* Environment.swift in Sources */ = {isa = PBXBuildFile; fileRef = FA0ADA8C24F9983C0070CDBF /* Environment.swift */; };
		FA0ADA8F24F999640070CDBF /* APIRouter.swift in Sources */ = {isa = PBXBuildFile; fileRef = FA0ADA8E24F999640070CDBF /* APIRouter.swift */; };
		FA0ADA9124F99B7D0070CDBF /* HelperFunctions.swift in Sources */ = {isa = PBXBuildFile; fileRef = FA0ADA9024F99B7D0070CDBF /* HelperFunctions.swift */; };
		FA0ADA9424F9C72D0070CDBF /* RegisterResponse.swift in Sources */ = {isa = PBXBuildFile; fileRef = FA0ADA9324F9C72D0070CDBF /* RegisterResponse.swift */; };
		FA0ADA9A24F9C8700070CDBF /* LoginResponse.swift in Sources */ = {isa = PBXBuildFile; fileRef = FA0ADA9924F9C8700070CDBF /* LoginResponse.swift */; };
		FA0ADA9D24FAE1AD0070CDBF /* LoginData.swift in Sources */ = {isa = PBXBuildFile; fileRef = FA0ADA9C24FAE1AD0070CDBF /* LoginData.swift */; };
		FA0ADA9F24FAE1D50070CDBF /* Ad.swift in Sources */ = {isa = PBXBuildFile; fileRef = FA0ADA9E24FAE1D50070CDBF /* Ad.swift */; };
		FA0ADAA524FAFC430070CDBF /* RegisterViewController.swift in Sources */ = {isa = PBXBuildFile; fileRef = FA0ADAA324FAFC430070CDBF /* RegisterViewController.swift */; };
		FA0ADAA824FAFEAB0070CDBF /* Constants.swift in Sources */ = {isa = PBXBuildFile; fileRef = FA0ADAA724FAFEAB0070CDBF /* Constants.swift */; };
		FA3BB26D24FB1AFE009B66AF /* ResponseError.swift in Sources */ = {isa = PBXBuildFile; fileRef = FA3BB26C24FB1AFE009B66AF /* ResponseError.swift */; };
		FA3BB26F24FB1BC7009B66AF /* ErrorHandler.swift in Sources */ = {isa = PBXBuildFile; fileRef = FA3BB26E24FB1BC7009B66AF /* ErrorHandler.swift */; };
		FA3E5A1A2500DB4D0028DCE7 /* UserProfileViewModel.swift in Sources */ = {isa = PBXBuildFile; fileRef = FA3E5A192500DB4D0028DCE7 /* UserProfileViewModel.swift */; };
		FA3E5A1F2500DED20028DCE7 /* UserInfoTableViewCell.swift in Sources */ = {isa = PBXBuildFile; fileRef = FA3E5A1D2500DED20028DCE7 /* UserInfoTableViewCell.swift */; };
		FA3E5A202500DED20028DCE7 /* UserInfoTableViewCell.xib in Resources */ = {isa = PBXBuildFile; fileRef = FA3E5A1E2500DED20028DCE7 /* UserInfoTableViewCell.xib */; };
		FA3E5A232500DEE50028DCE7 /* LogoutTableViewCell.swift in Sources */ = {isa = PBXBuildFile; fileRef = FA3E5A212500DEE50028DCE7 /* LogoutTableViewCell.swift */; };
		FA3E5A242500DEE50028DCE7 /* LogoutTableViewCell.xib in Resources */ = {isa = PBXBuildFile; fileRef = FA3E5A222500DEE50028DCE7 /* LogoutTableViewCell.xib */; };
		FA3E5A262500F88F0028DCE7 /* RegisterButtonView.xib in Resources */ = {isa = PBXBuildFile; fileRef = FA3E5A252500F88F0028DCE7 /* RegisterButtonView.xib */; };
		FA3E5A282500F96E0028DCE7 /* RegisterButtonView.swift in Sources */ = {isa = PBXBuildFile; fileRef = FA3E5A272500F96E0028DCE7 /* RegisterButtonView.swift */; };
		FA61A35724FFA9BB00BDAEF3 /* FormValidation.swift in Sources */ = {isa = PBXBuildFile; fileRef = FA61A35624FFA9BB00BDAEF3 /* FormValidation.swift */; };
		FA61A35924FFCDEF00BDAEF3 /* Extensions.swift in Sources */ = {isa = PBXBuildFile; fileRef = FA61A35824FFCDEF00BDAEF3 /* Extensions.swift */; };
/* End PBXBuildFile section */

/* Begin PBXFileReference section */
		5B00928647E43D676D6BDAF3 /* Pods-Demo.debug.xcconfig */ = {isa = PBXFileReference; includeInIndex = 1; lastKnownFileType = text.xcconfig; name = "Pods-Demo.debug.xcconfig"; path = "Target Support Files/Pods-Demo/Pods-Demo.debug.xcconfig"; sourceTree = "<group>"; };
		8FC5C6BA7BF8788270794A59 /* Pods_Demo.framework */ = {isa = PBXFileReference; explicitFileType = wrapper.framework; includeInIndex = 0; path = Pods_Demo.framework; sourceTree = BUILT_PRODUCTS_DIR; };
		C3DC9947E96FA01770121211 /* Pods-Demo.release.xcconfig */ = {isa = PBXFileReference; includeInIndex = 1; lastKnownFileType = text.xcconfig; name = "Pods-Demo.release.xcconfig"; path = "Target Support Files/Pods-Demo/Pods-Demo.release.xcconfig"; sourceTree = "<group>"; };
		FA0ADA6A24F9803B0070CDBF /* Demo.app */ = {isa = PBXFileReference; explicitFileType = wrapper.application; includeInIndex = 0; path = Demo.app; sourceTree = BUILT_PRODUCTS_DIR; };
		FA0ADA6D24F9803B0070CDBF /* AppDelegate.swift */ = {isa = PBXFileReference; lastKnownFileType = sourcecode.swift; path = AppDelegate.swift; sourceTree = "<group>"; };
		FA0ADA7424F9803B0070CDBF /* Base */ = {isa = PBXFileReference; lastKnownFileType = file.storyboard; name = Base; path = Base.lproj/Main.storyboard; sourceTree = "<group>"; };
		FA0ADA7624F9803B0070CDBF /* Assets.xcassets */ = {isa = PBXFileReference; lastKnownFileType = folder.assetcatalog; path = Assets.xcassets; sourceTree = "<group>"; };
		FA0ADA7924F9803B0070CDBF /* Base */ = {isa = PBXFileReference; lastKnownFileType = file.storyboard; name = Base; path = Base.lproj/LaunchScreen.storyboard; sourceTree = "<group>"; };
		FA0ADA7B24F9803B0070CDBF /* Info.plist */ = {isa = PBXFileReference; lastKnownFileType = text.plist.xml; path = Info.plist; sourceTree = "<group>"; };
		FA0ADA8124F982EF0070CDBF /* TabBarController.swift */ = {isa = PBXFileReference; lastKnownFileType = sourcecode.swift; path = TabBarController.swift; sourceTree = "<group>"; };
		FA0ADA8524F9833A0070CDBF /* HomeViewController.swift */ = {isa = PBXFileReference; lastKnownFileType = sourcecode.swift; path = HomeViewController.swift; sourceTree = "<group>"; };
		FA0ADA8724F9834C0070CDBF /* ProfileViewController.swift */ = {isa = PBXFileReference; lastKnownFileType = sourcecode.swift; path = ProfileViewController.swift; sourceTree = "<group>"; };
		FA0ADA8C24F9983C0070CDBF /* Environment.swift */ = {isa = PBXFileReference; lastKnownFileType = sourcecode.swift; path = Environment.swift; sourceTree = "<group>"; };
		FA0ADA8E24F999640070CDBF /* APIRouter.swift */ = {isa = PBXFileReference; lastKnownFileType = sourcecode.swift; path = APIRouter.swift; sourceTree = "<group>"; };
		FA0ADA9024F99B7D0070CDBF /* HelperFunctions.swift */ = {isa = PBXFileReference; lastKnownFileType = sourcecode.swift; path = HelperFunctions.swift; sourceTree = "<group>"; };
		FA0ADA9324F9C72D0070CDBF /* RegisterResponse.swift */ = {isa = PBXFileReference; lastKnownFileType = sourcecode.swift; path = RegisterResponse.swift; sourceTree = "<group>"; };
		FA0ADA9924F9C8700070CDBF /* LoginResponse.swift */ = {isa = PBXFileReference; lastKnownFileType = sourcecode.swift; path = LoginResponse.swift; sourceTree = "<group>"; };
		FA0ADA9C24FAE1AD0070CDBF /* LoginData.swift */ = {isa = PBXFileReference; lastKnownFileType = sourcecode.swift; path = LoginData.swift; sourceTree = "<group>"; };
		FA0ADA9E24FAE1D50070CDBF /* Ad.swift */ = {isa = PBXFileReference; lastKnownFileType = sourcecode.swift; path = Ad.swift; sourceTree = "<group>"; };
		FA0ADAA324FAFC430070CDBF /* RegisterViewController.swift */ = {isa = PBXFileReference; lastKnownFileType = sourcecode.swift; path = RegisterViewController.swift; sourceTree = "<group>"; };
		FA0ADAA724FAFEAB0070CDBF /* Constants.swift */ = {isa = PBXFileReference; lastKnownFileType = sourcecode.swift; path = Constants.swift; sourceTree = "<group>"; };
		FA3BB26C24FB1AFE009B66AF /* ResponseError.swift */ = {isa = PBXFileReference; lastKnownFileType = sourcecode.swift; path = ResponseError.swift; sourceTree = "<group>"; };
		FA3BB26E24FB1BC7009B66AF /* ErrorHandler.swift */ = {isa = PBXFileReference; lastKnownFileType = sourcecode.swift; path = ErrorHandler.swift; sourceTree = "<group>"; };
		FA3E5A192500DB4D0028DCE7 /* UserProfileViewModel.swift */ = {isa = PBXFileReference; lastKnownFileType = sourcecode.swift; path = UserProfileViewModel.swift; sourceTree = "<group>"; };
		FA3E5A1D2500DED20028DCE7 /* UserInfoTableViewCell.swift */ = {isa = PBXFileReference; lastKnownFileType = sourcecode.swift; path = UserInfoTableViewCell.swift; sourceTree = "<group>"; };
		FA3E5A1E2500DED20028DCE7 /* UserInfoTableViewCell.xib */ = {isa = PBXFileReference; lastKnownFileType = file.xib; path = UserInfoTableViewCell.xib; sourceTree = "<group>"; };
		FA3E5A212500DEE50028DCE7 /* LogoutTableViewCell.swift */ = {isa = PBXFileReference; lastKnownFileType = sourcecode.swift; path = LogoutTableViewCell.swift; sourceTree = "<group>"; };
		FA3E5A222500DEE50028DCE7 /* LogoutTableViewCell.xib */ = {isa = PBXFileReference; lastKnownFileType = file.xib; path = LogoutTableViewCell.xib; sourceTree = "<group>"; };
		FA3E5A252500F88F0028DCE7 /* RegisterButtonView.xib */ = {isa = PBXFileReference; lastKnownFileType = file.xib; path = RegisterButtonView.xib; sourceTree = "<group>"; };
		FA3E5A272500F96E0028DCE7 /* RegisterButtonView.swift */ = {isa = PBXFileReference; lastKnownFileType = sourcecode.swift; path = RegisterButtonView.swift; sourceTree = "<group>"; };
		FA61A35624FFA9BB00BDAEF3 /* FormValidation.swift */ = {isa = PBXFileReference; lastKnownFileType = sourcecode.swift; path = FormValidation.swift; sourceTree = "<group>"; };
		FA61A35824FFCDEF00BDAEF3 /* Extensions.swift */ = {isa = PBXFileReference; lastKnownFileType = sourcecode.swift; path = Extensions.swift; sourceTree = "<group>"; };
/* End PBXFileReference section */

/* Begin PBXFrameworksBuildPhase section */
		FA0ADA6724F9803B0070CDBF /* Frameworks */ = {
			isa = PBXFrameworksBuildPhase;
			buildActionMask = 2147483647;
			files = (
				640854B8913C7116DD938E8D /* Pods_Demo.framework in Frameworks */,
			);
			runOnlyForDeploymentPostprocessing = 0;
		};
/* End PBXFrameworksBuildPhase section */

/* Begin PBXGroup section */
		0F2D7E6FC25F9CA2E461EFFF /* Pods */ = {
			isa = PBXGroup;
			children = (
				5B00928647E43D676D6BDAF3 /* Pods-Demo.debug.xcconfig */,
				C3DC9947E96FA01770121211 /* Pods-Demo.release.xcconfig */,
			);
			path = Pods;
			sourceTree = "<group>";
		};
		B5AA28890D31286E2219E5DC /* Frameworks */ = {
			isa = PBXGroup;
			children = (
				8FC5C6BA7BF8788270794A59 /* Pods_Demo.framework */,
			);
			name = Frameworks;
			sourceTree = "<group>";
		};
		FA0ADA6124F9803B0070CDBF = {
			isa = PBXGroup;
			children = (
				FA0ADA6C24F9803B0070CDBF /* Demo */,
				FA0ADA6B24F9803B0070CDBF /* Products */,
				0F2D7E6FC25F9CA2E461EFFF /* Pods */,
				B5AA28890D31286E2219E5DC /* Frameworks */,
			);
			sourceTree = "<group>";
		};
		FA0ADA6B24F9803B0070CDBF /* Products */ = {
			isa = PBXGroup;
			children = (
				FA0ADA6A24F9803B0070CDBF /* Demo.app */,
			);
			name = Products;
			sourceTree = "<group>";
		};
		FA0ADA6C24F9803B0070CDBF /* Demo */ = {
			isa = PBXGroup;
			children = (
				FA61A35524FFA9A900BDAEF3 /* Utils */,
				FA0ADA8B24F9982D0070CDBF /* Networking */,
				FA0ADAA024FAFBD20070CDBF /* View Controllers */,
				FA0ADA6D24F9803B0070CDBF /* AppDelegate.swift */,
				FA0ADA7324F9803B0070CDBF /* Main.storyboard */,
				FA0ADA7624F9803B0070CDBF /* Assets.xcassets */,
				FA0ADA7824F9803B0070CDBF /* LaunchScreen.storyboard */,
				FA0ADA7B24F9803B0070CDBF /* Info.plist */,
				FA0ADAA724FAFEAB0070CDBF /* Constants.swift */,
			);
			path = Demo;
			sourceTree = "<group>";
		};
		FA0ADA8B24F9982D0070CDBF /* Networking */ = {
			isa = PBXGroup;
			children = (
				FA0ADA9224F9C7160070CDBF /* Response Models */,
				FA0ADA8C24F9983C0070CDBF /* Environment.swift */,
				FA0ADA8E24F999640070CDBF /* APIRouter.swift */,
				FA0ADA9024F99B7D0070CDBF /* HelperFunctions.swift */,
				FA3BB26E24FB1BC7009B66AF /* ErrorHandler.swift */,
			);
			path = Networking;
			sourceTree = "<group>";
		};
		FA0ADA9224F9C7160070CDBF /* Response Models */ = {
			isa = PBXGroup;
			children = (
				FA0ADA9824F9C8520070CDBF /* Login */,
				FA0ADA9724F9C8440070CDBF /* Register */,
				FA3BB26B24FB1AB8009B66AF /* Error */,
			);
			path = "Response Models";
			sourceTree = "<group>";
		};
		FA0ADA9724F9C8440070CDBF /* Register */ = {
			isa = PBXGroup;
			children = (
				FA0ADA9324F9C72D0070CDBF /* RegisterResponse.swift */,
			);
			path = Register;
			sourceTree = "<group>";
		};
		FA0ADA9824F9C8520070CDBF /* Login */ = {
			isa = PBXGroup;
			children = (
				FA0ADA9924F9C8700070CDBF /* LoginResponse.swift */,
				FA0ADA9C24FAE1AD0070CDBF /* LoginData.swift */,
				FA0ADA9E24FAE1D50070CDBF /* Ad.swift */,
			);
			path = Login;
			sourceTree = "<group>";
		};
		FA0ADAA024FAFBD20070CDBF /* View Controllers */ = {
			isa = PBXGroup;
			children = (
				FA0ADA8124F982EF0070CDBF /* TabBarController.swift */,
				FA0ADA8524F9833A0070CDBF /* HomeViewController.swift */,
				FA3E5A1B2500DE900028DCE7 /* ProfileViewController */,
				FA0ADAA324FAFC430070CDBF /* RegisterViewController.swift */,
			);
			path = "View Controllers";
			sourceTree = "<group>";
		};
		FA3BB26B24FB1AB8009B66AF /* Error */ = {
			isa = PBXGroup;
			children = (
				FA3BB26C24FB1AFE009B66AF /* ResponseError.swift */,
			);
			path = Error;
			sourceTree = "<group>";
		};
		FA3E5A1B2500DE900028DCE7 /* ProfileViewController */ = {
			isa = PBXGroup;
			children = (
				FA0ADA8724F9834C0070CDBF /* ProfileViewController.swift */,
				FA3E5A192500DB4D0028DCE7 /* UserProfileViewModel.swift */,
				FA3E5A1C2500DE9E0028DCE7 /* Table view cells */,
				FA3E5A272500F96E0028DCE7 /* RegisterButtonView.swift */,
				FA3E5A252500F88F0028DCE7 /* RegisterButtonView.xib */,
			);
			path = ProfileViewController;
			sourceTree = "<group>";
		};
		FA3E5A1C2500DE9E0028DCE7 /* Table view cells */ = {
			isa = PBXGroup;
			children = (
				FA3E5A1D2500DED20028DCE7 /* UserInfoTableViewCell.swift */,
				FA3E5A1E2500DED20028DCE7 /* UserInfoTableViewCell.xib */,
				FA3E5A212500DEE50028DCE7 /* LogoutTableViewCell.swift */,
				FA3E5A222500DEE50028DCE7 /* LogoutTableViewCell.xib */,
			);
			path = "Table view cells";
			sourceTree = "<group>";
		};
		FA61A35524FFA9A900BDAEF3 /* Utils */ = {
			isa = PBXGroup;
			children = (
				FA61A35624FFA9BB00BDAEF3 /* FormValidation.swift */,
				FA61A35824FFCDEF00BDAEF3 /* Extensions.swift */,
			);
			path = Utils;
			sourceTree = "<group>";
		};
/* End PBXGroup section */

/* Begin PBXNativeTarget section */
		FA0ADA6924F9803B0070CDBF /* Demo */ = {
			isa = PBXNativeTarget;
			buildConfigurationList = FA0ADA7E24F9803B0070CDBF /* Build configuration list for PBXNativeTarget "Demo" */;
			buildPhases = (
				5D0BAA870CB26B24F8D446CB /* [CP] Check Pods Manifest.lock */,
				FA0ADA6624F9803B0070CDBF /* Sources */,
				FA0ADA6724F9803B0070CDBF /* Frameworks */,
				FA0ADA6824F9803B0070CDBF /* Resources */,
				9AC1DBBDB116A6979FA0A51B /* [CP] Embed Pods Frameworks */,
			);
			buildRules = (
			);
			dependencies = (
			);
			name = Demo;
			productName = Demo;
			productReference = FA0ADA6A24F9803B0070CDBF /* Demo.app */;
			productType = "com.apple.product-type.application";
		};
/* End PBXNativeTarget section */

/* Begin PBXProject section */
		FA0ADA6224F9803B0070CDBF /* Project object */ = {
			isa = PBXProject;
			attributes = {
				LastSwiftUpdateCheck = 1160;
				LastUpgradeCheck = 1160;
				ORGANIZATIONNAME = "Alexandros Athanasiadis";
				TargetAttributes = {
					FA0ADA6924F9803B0070CDBF = {
						CreatedOnToolsVersion = 11.6;
					};
				};
			};
			buildConfigurationList = FA0ADA6524F9803B0070CDBF /* Build configuration list for PBXProject "Demo" */;
			compatibilityVersion = "Xcode 9.3";
			developmentRegion = en;
			hasScannedForEncodings = 0;
			knownRegions = (
				en,
				Base,
			);
			mainGroup = FA0ADA6124F9803B0070CDBF;
			productRefGroup = FA0ADA6B24F9803B0070CDBF /* Products */;
			projectDirPath = "";
			projectRoot = "";
			targets = (
				FA0ADA6924F9803B0070CDBF /* Demo */,
			);
		};
/* End PBXProject section */

/* Begin PBXResourcesBuildPhase section */
		FA0ADA6824F9803B0070CDBF /* Resources */ = {
			isa = PBXResourcesBuildPhase;
			buildActionMask = 2147483647;
			files = (
				FA3E5A202500DED20028DCE7 /* UserInfoTableViewCell.xib in Resources */,
				FA0ADA7A24F9803B0070CDBF /* LaunchScreen.storyboard in Resources */,
				FA3E5A242500DEE50028DCE7 /* LogoutTableViewCell.xib in Resources */,
				FA0ADA7724F9803B0070CDBF /* Assets.xcassets in Resources */,
				FA0ADA7524F9803B0070CDBF /* Main.storyboard in Resources */,
				FA3E5A262500F88F0028DCE7 /* RegisterButtonView.xib in Resources */,
			);
			runOnlyForDeploymentPostprocessing = 0;
		};
/* End PBXResourcesBuildPhase section */

/* Begin PBXShellScriptBuildPhase section */
		5D0BAA870CB26B24F8D446CB /* [CP] Check Pods Manifest.lock */ = {
			isa = PBXShellScriptBuildPhase;
			buildActionMask = 2147483647;
			files = (
			);
			inputFileListPaths = (
			);
			inputPaths = (
				"${PODS_PODFILE_DIR_PATH}/Podfile.lock",
				"${PODS_ROOT}/Manifest.lock",
			);
			name = "[CP] Check Pods Manifest.lock";
			outputFileListPaths = (
			);
			outputPaths = (
				"$(DERIVED_FILE_DIR)/Pods-Demo-checkManifestLockResult.txt",
			);
			runOnlyForDeploymentPostprocessing = 0;
			shellPath = /bin/sh;
			shellScript = "diff \"${PODS_PODFILE_DIR_PATH}/Podfile.lock\" \"${PODS_ROOT}/Manifest.lock\" > /dev/null\nif [ $? != 0 ] ; then\n    # print error to STDERR\n    echo \"error: The sandbox is not in sync with the Podfile.lock. Run 'pod install' or update your CocoaPods installation.\" >&2\n    exit 1\nfi\n# This output is used by Xcode 'outputs' to avoid re-running this script phase.\necho \"SUCCESS\" > \"${SCRIPT_OUTPUT_FILE_0}\"\n";
			showEnvVarsInLog = 0;
		};
		9AC1DBBDB116A6979FA0A51B /* [CP] Embed Pods Frameworks */ = {
			isa = PBXShellScriptBuildPhase;
			buildActionMask = 2147483647;
			files = (
			);
			inputFileListPaths = (
				"${PODS_ROOT}/Target Support Files/Pods-Demo/Pods-Demo-frameworks-${CONFIGURATION}-input-files.xcfilelist",
			);
			name = "[CP] Embed Pods Frameworks";
			outputFileListPaths = (
				"${PODS_ROOT}/Target Support Files/Pods-Demo/Pods-Demo-frameworks-${CONFIGURATION}-output-files.xcfilelist",
			);
			runOnlyForDeploymentPostprocessing = 0;
			shellPath = /bin/sh;
			shellScript = "\"${PODS_ROOT}/Target Support Files/Pods-Demo/Pods-Demo-frameworks.sh\"\n";
			showEnvVarsInLog = 0;
		};
/* End PBXShellScriptBuildPhase section */

/* Begin PBXSourcesBuildPhase section */
		FA0ADA6624F9803B0070CDBF /* Sources */ = {
			isa = PBXSourcesBuildPhase;
			buildActionMask = 2147483647;
			files = (
				FA0ADA9124F99B7D0070CDBF /* HelperFunctions.swift in Sources */,
				FA3E5A232500DEE50028DCE7 /* LogoutTableViewCell.swift in Sources */,
				FA0ADA9F24FAE1D50070CDBF /* Ad.swift in Sources */,
				FA0ADA9D24FAE1AD0070CDBF /* LoginData.swift in Sources */,
				FA0ADAA524FAFC430070CDBF /* RegisterViewController.swift in Sources */,
				FA0ADA6E24F9803B0070CDBF /* AppDelegate.swift in Sources */,
				FA0ADA8F24F999640070CDBF /* APIRouter.swift in Sources */,
				FA3E5A1F2500DED20028DCE7 /* UserInfoTableViewCell.swift in Sources */,
				FA0ADA9A24F9C8700070CDBF /* LoginResponse.swift in Sources */,
				FA0ADAA824FAFEAB0070CDBF /* Constants.swift in Sources */,
				FA0ADA8224F982EF0070CDBF /* TabBarController.swift in Sources */,
				FA0ADA8824F9834C0070CDBF /* ProfileViewController.swift in Sources */,
				FA0ADA9424F9C72D0070CDBF /* RegisterResponse.swift in Sources */,
				FA0ADA8624F9833A0070CDBF /* HomeViewController.swift in Sources */,
				FA3BB26F24FB1BC7009B66AF /* ErrorHandler.swift in Sources */,
				FA0ADA8D24F9983C0070CDBF /* Environment.swift in Sources */,
				FA61A35924FFCDEF00BDAEF3 /* Extensions.swift in Sources */,
				FA3E5A282500F96E0028DCE7 /* RegisterButtonView.swift in Sources */,
				FA61A35724FFA9BB00BDAEF3 /* FormValidation.swift in Sources */,
				FA3BB26D24FB1AFE009B66AF /* ResponseError.swift in Sources */,
				FA3E5A1A2500DB4D0028DCE7 /* UserProfileViewModel.swift in Sources */,
			);
			runOnlyForDeploymentPostprocessing = 0;
		};
/* End PBXSourcesBuildPhase section */

/* Begin PBXVariantGroup section */
		FA0ADA7324F9803B0070CDBF /* Main.storyboard */ = {
			isa = PBXVariantGroup;
			children = (
				FA0ADA7424F9803B0070CDBF /* Base */,
			);
			name = Main.storyboard;
			sourceTree = "<group>";
		};
		FA0ADA7824F9803B0070CDBF /* LaunchScreen.storyboard */ = {
			isa = PBXVariantGroup;
			children = (
				FA0ADA7924F9803B0070CDBF /* Base */,
			);
			name = LaunchScreen.storyboard;
			sourceTree = "<group>";
		};
/* End PBXVariantGroup section */

/* Begin XCBuildConfiguration section */
		FA0ADA7C24F9803B0070CDBF /* Debug */ = {
			isa = XCBuildConfiguration;
			buildSettings = {
				ALWAYS_SEARCH_USER_PATHS = NO;
				CLANG_ANALYZER_NONNULL = YES;
				CLANG_ANALYZER_NUMBER_OBJECT_CONVERSION = YES_AGGRESSIVE;
				CLANG_CXX_LANGUAGE_STANDARD = "gnu++14";
				CLANG_CXX_LIBRARY = "libc++";
				CLANG_ENABLE_MODULES = YES;
				CLANG_ENABLE_OBJC_ARC = YES;
				CLANG_ENABLE_OBJC_WEAK = YES;
				CLANG_WARN_BLOCK_CAPTURE_AUTORELEASING = YES;
				CLANG_WARN_BOOL_CONVERSION = YES;
				CLANG_WARN_COMMA = YES;
				CLANG_WARN_CONSTANT_CONVERSION = YES;
				CLANG_WARN_DEPRECATED_OBJC_IMPLEMENTATIONS = YES;
				CLANG_WARN_DIRECT_OBJC_ISA_USAGE = YES_ERROR;
				CLANG_WARN_DOCUMENTATION_COMMENTS = YES;
				CLANG_WARN_EMPTY_BODY = YES;
				CLANG_WARN_ENUM_CONVERSION = YES;
				CLANG_WARN_INFINITE_RECURSION = YES;
				CLANG_WARN_INT_CONVERSION = YES;
				CLANG_WARN_NON_LITERAL_NULL_CONVERSION = YES;
				CLANG_WARN_OBJC_IMPLICIT_RETAIN_SELF = YES;
				CLANG_WARN_OBJC_LITERAL_CONVERSION = YES;
				CLANG_WARN_OBJC_ROOT_CLASS = YES_ERROR;
				CLANG_WARN_RANGE_LOOP_ANALYSIS = YES;
				CLANG_WARN_STRICT_PROTOTYPES = YES;
				CLANG_WARN_SUSPICIOUS_MOVE = YES;
				CLANG_WARN_UNGUARDED_AVAILABILITY = YES_AGGRESSIVE;
				CLANG_WARN_UNREACHABLE_CODE = YES;
				CLANG_WARN__DUPLICATE_METHOD_MATCH = YES;
				COPY_PHASE_STRIP = NO;
				DEBUG_INFORMATION_FORMAT = dwarf;
				ENABLE_STRICT_OBJC_MSGSEND = YES;
				ENABLE_TESTABILITY = YES;
				GCC_C_LANGUAGE_STANDARD = gnu11;
				GCC_DYNAMIC_NO_PIC = NO;
				GCC_NO_COMMON_BLOCKS = YES;
				GCC_OPTIMIZATION_LEVEL = 0;
				GCC_PREPROCESSOR_DEFINITIONS = (
					"DEBUG=1",
					"$(inherited)",
				);
				GCC_WARN_64_TO_32_BIT_CONVERSION = YES;
				GCC_WARN_ABOUT_RETURN_TYPE = YES_ERROR;
				GCC_WARN_UNDECLARED_SELECTOR = YES;
				GCC_WARN_UNINITIALIZED_AUTOS = YES_AGGRESSIVE;
				GCC_WARN_UNUSED_FUNCTION = YES;
				GCC_WARN_UNUSED_VARIABLE = YES;
				IPHONEOS_DEPLOYMENT_TARGET = 13.6;
				MTL_ENABLE_DEBUG_INFO = INCLUDE_SOURCE;
				MTL_FAST_MATH = YES;
				ONLY_ACTIVE_ARCH = YES;
				SDKROOT = iphoneos;
				SWIFT_ACTIVE_COMPILATION_CONDITIONS = DEBUG;
				SWIFT_OPTIMIZATION_LEVEL = "-Onone";
			};
			name = Debug;
		};
		FA0ADA7D24F9803B0070CDBF /* Release */ = {
			isa = XCBuildConfiguration;
			buildSettings = {
				ALWAYS_SEARCH_USER_PATHS = NO;
				CLANG_ANALYZER_NONNULL = YES;
				CLANG_ANALYZER_NUMBER_OBJECT_CONVERSION = YES_AGGRESSIVE;
				CLANG_CXX_LANGUAGE_STANDARD = "gnu++14";
				CLANG_CXX_LIBRARY = "libc++";
				CLANG_ENABLE_MODULES = YES;
				CLANG_ENABLE_OBJC_ARC = YES;
				CLANG_ENABLE_OBJC_WEAK = YES;
				CLANG_WARN_BLOCK_CAPTURE_AUTORELEASING = YES;
				CLANG_WARN_BOOL_CONVERSION = YES;
				CLANG_WARN_COMMA = YES;
				CLANG_WARN_CONSTANT_CONVERSION = YES;
				CLANG_WARN_DEPRECATED_OBJC_IMPLEMENTATIONS = YES;
				CLANG_WARN_DIRECT_OBJC_ISA_USAGE = YES_ERROR;
				CLANG_WARN_DOCUMENTATION_COMMENTS = YES;
				CLANG_WARN_EMPTY_BODY = YES;
				CLANG_WARN_ENUM_CONVERSION = YES;
				CLANG_WARN_INFINITE_RECURSION = YES;
				CLANG_WARN_INT_CONVERSION = YES;
				CLANG_WARN_NON_LITERAL_NULL_CONVERSION = YES;
				CLANG_WARN_OBJC_IMPLICIT_RETAIN_SELF = YES;
				CLANG_WARN_OBJC_LITERAL_CONVERSION = YES;
				CLANG_WARN_OBJC_ROOT_CLASS = YES_ERROR;
				CLANG_WARN_RANGE_LOOP_ANALYSIS = YES;
				CLANG_WARN_STRICT_PROTOTYPES = YES;
				CLANG_WARN_SUSPICIOUS_MOVE = YES;
				CLANG_WARN_UNGUARDED_AVAILABILITY = YES_AGGRESSIVE;
				CLANG_WARN_UNREACHABLE_CODE = YES;
				CLANG_WARN__DUPLICATE_METHOD_MATCH = YES;
				COPY_PHASE_STRIP = NO;
				DEBUG_INFORMATION_FORMAT = "dwarf-with-dsym";
				ENABLE_NS_ASSERTIONS = NO;
				ENABLE_STRICT_OBJC_MSGSEND = YES;
				GCC_C_LANGUAGE_STANDARD = gnu11;
				GCC_NO_COMMON_BLOCKS = YES;
				GCC_WARN_64_TO_32_BIT_CONVERSION = YES;
				GCC_WARN_ABOUT_RETURN_TYPE = YES_ERROR;
				GCC_WARN_UNDECLARED_SELECTOR = YES;
				GCC_WARN_UNINITIALIZED_AUTOS = YES_AGGRESSIVE;
				GCC_WARN_UNUSED_FUNCTION = YES;
				GCC_WARN_UNUSED_VARIABLE = YES;
				IPHONEOS_DEPLOYMENT_TARGET = 13.6;
				MTL_ENABLE_DEBUG_INFO = NO;
				MTL_FAST_MATH = YES;
				SDKROOT = iphoneos;
				SWIFT_COMPILATION_MODE = wholemodule;
				SWIFT_OPTIMIZATION_LEVEL = "-O";
				VALIDATE_PRODUCT = YES;
			};
			name = Release;
		};
		FA0ADA7F24F9803B0070CDBF /* Debug */ = {
			isa = XCBuildConfiguration;
			baseConfigurationReference = 5B00928647E43D676D6BDAF3 /* Pods-Demo.debug.xcconfig */;
			buildSettings = {
				ASSETCATALOG_COMPILER_APPICON_NAME = AppIcon;
				CODE_SIGN_STYLE = Manual;
				DEVELOPMENT_TEAM = "";
				INFOPLIST_FILE = Demo/Info.plist;
				IPHONEOS_DEPLOYMENT_TARGET = 10.0;
				LD_RUNPATH_SEARCH_PATHS = (
					"$(inherited)",
					"@executable_path/Frameworks",
				);
				PRODUCT_BUNDLE_IDENTIFIER = alex.athan.Demo;
				PRODUCT_NAME = "$(TARGET_NAME)";
				PROVISIONING_PROFILE_SPECIFIER = "";
				SWIFT_VERSION = 5.0;
				TARGETED_DEVICE_FAMILY = "1,2";
			};
			name = Debug;
		};
		FA0ADA8024F9803B0070CDBF /* Release */ = {
			isa = XCBuildConfiguration;
			baseConfigurationReference = C3DC9947E96FA01770121211 /* Pods-Demo.release.xcconfig */;
			buildSettings = {
				ASSETCATALOG_COMPILER_APPICON_NAME = AppIcon;
				CODE_SIGN_STYLE = Manual;
				DEVELOPMENT_TEAM = "";
				INFOPLIST_FILE = Demo/Info.plist;
				IPHONEOS_DEPLOYMENT_TARGET = 10.0;
				LD_RUNPATH_SEARCH_PATHS = (
					"$(inherited)",
					"@executable_path/Frameworks",
				);
				PRODUCT_BUNDLE_IDENTIFIER = alex.athan.Demo;
				PRODUCT_NAME = "$(TARGET_NAME)";
				PROVISIONING_PROFILE_SPECIFIER = "";
				SWIFT_VERSION = 5.0;
				TARGETED_DEVICE_FAMILY = "1,2";
			};
			name = Release;
		};
/* End XCBuildConfiguration section */

/* Begin XCConfigurationList section */
		FA0ADA6524F9803B0070CDBF /* Build configuration list for PBXProject "Demo" */ = {
			isa = XCConfigurationList;
			buildConfigurations = (
				FA0ADA7C24F9803B0070CDBF /* Debug */,
				FA0ADA7D24F9803B0070CDBF /* Release */,
			);
			defaultConfigurationIsVisible = 0;
			defaultConfigurationName = Release;
		};
		FA0ADA7E24F9803B0070CDBF /* Build configuration list for PBXNativeTarget "Demo" */ = {
			isa = XCConfigurationList;
			buildConfigurations = (
				FA0ADA7F24F9803B0070CDBF /* Debug */,
				FA0ADA8024F9803B0070CDBF /* Release */,
			);
			defaultConfigurationIsVisible = 0;
			defaultConfigurationName = Release;
		};
/* End XCConfigurationList section */
	};
	rootObject = FA0ADA6224F9803B0070CDBF /* Project object */;
}
